<?xml version="1.0" encoding="utf-8"?>
<Project ToolsVersion="4.0" xmlns="http://schemas.microsoft.com/developer/msbuild/2003">
  <ItemGroup>
    <Filter Include="Source Files">
      <UniqueIdentifier>{4FC737F1-C7A5-4376-A066-2A32D752A2FF}</UniqueIdentifier>
      <Extensions>cpp;c;cc;cxx;def;odl;idl;hpj;bat;asm;asmx</Extensions>
    </Filter>
    <Filter Include="Header Files">
      <UniqueIdentifier>{93995380-89BD-4b04-88EB-625FBE52EBFB}</UniqueIdentifier>
      <Extensions>h;hh;hpp;hxx;hm;inl;inc;ipp;xsd</Extensions>
    </Filter>
    <Filter Include="Resource Files">
      <UniqueIdentifier>{67DA6AB6-F800-4c08-8B7A-83BB121AAD01}</UniqueIdentifier>
      <Extensions>rc;ico;cur;bmp;dlg;rc2;rct;bin;rgs;gif;jpg;jpeg;jpe;resx;tiff;tif;png;wav;mfcribbon-ms</Extensions>
    </Filter>
  </ItemGroup>
  <ItemGroup>
    <ClCompile Include="Main.cpp">
      <Filter>Source Files</Filter>
    </ClCompile>
    <ClCompile Include="Engine\Engine.cpp">
      <Filter>Source Files</Filter>
    </ClCompile>
    <ClCompile Include="Engine\Shader\Shader.cpp">
      <Filter>Source Files</Filter>
    </ClCompile>
    <ClCompile Include="Engine\Camera\Camera.cpp">
      <Filter>Source Files</Filter>
    </ClCompile>
    <ClCompile Include="Engine\Mesh\Mesh.cpp">
      <Filter>Source Files</Filter>
    </ClCompile>
    <ClCompile Include="Engine\Model\Model.cpp">
      <Filter>Source Files</Filter>
    </ClCompile>
    <ClCompile Include="Engine\Light\DirLight.cpp">
      <Filter>Source Files</Filter>
    </ClCompile>
    <ClCompile Include="Engine\Light\PointLight.cpp">
      <Filter>Source Files</Filter>
    </ClCompile>
    <ClCompile Include="Engine\Light\SpotLight.cpp">
      <Filter>Source Files</Filter>
    </ClCompile>
    <ClCompile Include="Engine\Input\Mouse.cpp">
      <Filter>Source Files</Filter>
    </ClCompile>
    <ClCompile Include="Engine\ModelSrc\Triangle\Triangle.cpp">
      <Filter>Source Files</Filter>
    </ClCompile>
    <ClCompile Include="Engine\World\FloorPlane.cpp">
      <Filter>Source Files</Filter>
    </ClCompile>
    <ClCompile Include="Engine\ModelSrc\cube\Cube.cpp">
      <Filter>Source Files</Filter>
    </ClCompile>
    <ClCompile Include="Engine\World\MeshSegment.cpp">
      <Filter>Source Files</Filter>
    </ClCompile>
  </ItemGroup>
  <ItemGroup>
    <ClInclude Include="Engine\Engine.h">
      <Filter>Header Files</Filter>
    </ClInclude>
    <ClInclude Include="Engine\Shader\Shader.h">
      <Filter>Header Files</Filter>
    </ClInclude>
    <ClInclude Include="Engine\Shader\stb_image.h">
      <Filter>Header Files</Filter>
    </ClInclude>
    <ClInclude Include="Engine\Camera\Camera.h">
      <Filter>Header Files</Filter>
    </ClInclude>
    <ClInclude Include="Engine\Mesh\Mesh.h">
      <Filter>Header Files</Filter>
    </ClInclude>
    <ClInclude Include="Engine\Model\Model.h">
      <Filter>Header Files</Filter>
    </ClInclude>
    <ClInclude Include="Engine\Light\DirLight.h">
      <Filter>Header Files</Filter>
    </ClInclude>
    <ClInclude Include="Engine\Light\PointLight.h">
      <Filter>Header Files</Filter>
    </ClInclude>
    <ClInclude Include="Engine\Light\SpotLight.h">
      <Filter>Header Files</Filter>
    </ClInclude>
    <ClInclude Include="Engine\Input\Mouse.h">
      <Filter>Header Files</Filter>
    </ClInclude>
    <ClInclude Include="Engine\ModelSrc\Triangle\Triangle.h">
      <Filter>Header Files</Filter>
    </ClInclude>
    <ClInclude Include="Engine\World\FloorPlane.h">
      <Filter>Header Files</Filter>
    </ClInclude>
    <ClInclude Include="Engine\ModelSrc\cube\Cube.h">
      <Filter>Header Files</Filter>
    </ClInclude>
    <ClInclude Include="Engine\InputMode\InputMode.h">
      <Filter>Header Files</Filter>
    </ClInclude>
    <ClInclude Include="Engine\World\Collisions\Collisions.h">
      <Filter>Header Files</Filter>
    </ClInclude>
    <ClInclude Include="Engine\World\MeshSegment.h">
      <Filter>Header Files</Filter>
    </ClInclude>
    <ClInclude Include="Engine\include.h">
      <Filter>Header Files</Filter>
    </ClInclude>
    <ClInclude Include="Engine\Text\TextChar.h">
      <Filter>Header Files</Filter>
    </ClInclude>
  </ItemGroup>
  <ItemGroup>
    <None Include="packages.config" />
    <None Include="Engine\ModelSrc\Rock_6.blend" />
    <None Include="Engine\ModelSrc\Rock_6.mtl" />
    <None Include="Engine\ModelSrc\cyborg\cyborg.mtl" />
    <None Include="Engine\ModelSrc\cyborg\cyborg.blend" />
    <None Include="Engine\ModelSrc\cyborg\cyborg.blend1" />
    <None Include="Engine\ModelSrc\cube\cube.mtl" />
    <None Include="Engine\ModelSrc\crystalsomething.mtl" />
    <None Include="Engine\ModelSrc\cube\cube.stl" />
    <None Include="Engine\ModelSrc\cube\crystal1.3ds" />
    <None Include="Engine\Shader\textOverlayShaders\text.vs" />
    <None Include="Engine\Shader\textOverlayShaders\text.fs" />
  </ItemGroup>
  <ItemGroup>
    <Text Include="Engine\Shader\vertexShader.txt" />
    <Text Include="Engine\Shader\fragmentShader.txt" />
    <Text Include="Engine\ModelSrc\cyborg\LICENSE.txt" />
    <Text Include="Engine\Shader\lampVertex.txt" />
    <Text Include="Engine\Shader\lampFragment.txt" />
  </ItemGroup>
  <ItemGroup>
    <Image Include="Engine\Textures\Brick1.jpg">
      <Filter>Resource Files</Filter>
    </Image>
    <Image Include="Engine\ModelSrc\cyborg\cyborg_diffuse.png">
      <Filter>Resource Files</Filter>
    </Image>
    <Image Include="Engine\ModelSrc\cyborg\cyborg_normal.png">
      <Filter>Resource Files</Filter>
    </Image>
    <Image Include="Engine\ModelSrc\cyborg\cyborg_specular.png">
      <Filter>Resource Files</Filter>
    </Image>
    <Image Include="Engine\ModelSrc\M1911\Black-Ops-Weapons-M1911.jpg">
      <Filter>Resource Files</Filter>
    </Image>
    <Image Include="Engine\Textures\crystal1.jpeg">
      <Filter>Resource Files</Filter>
    </Image>
    <Image Include="Engine\Textures\MetalFrame.jpg">
      <Filter>Resource Files</Filter>
    </Image>
    <Image Include="Engine\ModelSrc\cube\crystal1.jpg">
      <Filter>Resource Files</Filter>
    </Image>
    <Image Include="Engine\World\Brick1.jpg">
      <Filter>Resource Files</Filter>
    </Image>
    <Image Include="Engine\World\crystal1.jpeg">
      <Filter>Resource Files</Filter>
    </Image>
  </ItemGroup>
  <ItemGroup>
    <Object Include="Engine\ModelSrc\Dodge_Chellenger_SRT10_OBJ.obj" />
    <Object Include="Engine\ModelSrc\Rock_6.OBJ" />
    <Object Include="Engine\ModelSrc\cyborg\cyborg.obj" />
    <Object Include="Engine\ModelSrc\M1911\M1911.obj" />
    <Object Include="Engine\ModelSrc\cube\cube.obj" />
    <Object Include="Engine\ModelSrc\crystalsomething.obj" />
  </ItemGroup>
</Project>